// !$*UTF8*$!
{
	archiveVersion = 1;
	classes = {
	};
	objectVersion = 55;
	objects = {

/* Begin PBXBuildFile section */
		290B2B1A277A6E6C007382C7 /* SampleTitleScene.sks in Resources */ = {isa = PBXBuildFile; fileRef = 290B2B19277A6E6C007382C7 /* SampleTitleScene.sks */; };
		29160A6827780C5A00A81EAE /* GBLAScene.swift in Sources */ = {isa = PBXBuildFile; fileRef = 29160A6727780C5A00A81EAE /* GBLAScene.swift */; };
		2929238427801DED0028B5F0 /* MyTileSet.sks in Resources */ = {isa = PBXBuildFile; fileRef = 2929238227801DED0028B5F0 /* MyTileSet.sks */; };
		2929238527801DED0028B5F0 /* MyTileSet.sks in Resources */ = {isa = PBXBuildFile; fileRef = 2929238227801DED0028B5F0 /* MyTileSet.sks */; };
		2929238627801DED0028B5F0 /* Assets.xcassets in Resources */ = {isa = PBXBuildFile; fileRef = 2929238327801DED0028B5F0 /* Assets.xcassets */; };
		2929238727801DED0028B5F0 /* Assets.xcassets in Resources */ = {isa = PBXBuildFile; fileRef = 2929238327801DED0028B5F0 /* Assets.xcassets */; };
		29292389278134AB0028B5F0 /* TileMapScene.sks in Resources */ = {isa = PBXBuildFile; fileRef = 29292388278134AB0028B5F0 /* TileMapScene.sks */; };
		2929238A278134AB0028B5F0 /* TileMapScene.sks in Resources */ = {isa = PBXBuildFile; fileRef = 29292388278134AB0028B5F0 /* TileMapScene.sks */; };
		2929238C278168400028B5F0 /* TileMapScene.swift in Sources */ = {isa = PBXBuildFile; fileRef = 2929238B278168400028B5F0 /* TileMapScene.swift */; };
		2929238D278168400028B5F0 /* TileMapScene.swift in Sources */ = {isa = PBXBuildFile; fileRef = 2929238B278168400028B5F0 /* TileMapScene.swift */; };
		29433CF7277A7A4700DBF30A /* Assets.xcassets in Resources */ = {isa = PBXBuildFile; fileRef = 29A6450F2776EAA9009007C6 /* Assets.xcassets */; };
		29492FEC278BFBF600E987C9 /* SampleRainParticles.sks in Resources */ = {isa = PBXBuildFile; fileRef = 29492FEA278BFBF600E987C9 /* SampleRainParticles.sks */; };
		29492FED278BFBF600E987C9 /* SampleRainParticles.sks in Resources */ = {isa = PBXBuildFile; fileRef = 29492FEA278BFBF600E987C9 /* SampleRainParticles.sks */; };
		29492FEE278BFBF600E987C9 /* Assets.xcassets in Resources */ = {isa = PBXBuildFile; fileRef = 29492FEB278BFBF600E987C9 /* Assets.xcassets */; };
		29492FEF278BFBF600E987C9 /* Assets.xcassets in Resources */ = {isa = PBXBuildFile; fileRef = 29492FEB278BFBF600E987C9 /* Assets.xcassets */; };
		294F4575277905BB00977447 /* Bios Boot.wav in Resources */ = {isa = PBXBuildFile; fileRef = 294F4574277905BB00977447 /* Bios Boot.wav */; };
		294F457F277907BE00977447 /* AppDelegate.swift in Sources */ = {isa = PBXBuildFile; fileRef = 294F457E277907BE00977447 /* AppDelegate.swift */; };
		294F4581277907BE00977447 /* GameScene.sks in Resources */ = {isa = PBXBuildFile; fileRef = 294F4580277907BE00977447 /* GameScene.sks */; };
		294F4583277907BE00977447 /* Actions.sks in Resources */ = {isa = PBXBuildFile; fileRef = 294F4582277907BE00977447 /* Actions.sks */; };
		294F4585277907BE00977447 /* GameScene.swift in Sources */ = {isa = PBXBuildFile; fileRef = 294F4584277907BE00977447 /* GameScene.swift */; };
		294F4587277907BE00977447 /* GameViewController.swift in Sources */ = {isa = PBXBuildFile; fileRef = 294F4586277907BE00977447 /* GameViewController.swift */; };
		294F458A277907BE00977447 /* Main.storyboard in Resources */ = {isa = PBXBuildFile; fileRef = 294F4588277907BE00977447 /* Main.storyboard */; };
		294F458F277907BE00977447 /* LaunchScreen.storyboard in Resources */ = {isa = PBXBuildFile; fileRef = 294F458D277907BE00977447 /* LaunchScreen.storyboard */; };
		294F4593277907CD00977447 /* Bios Boot.wav in Resources */ = {isa = PBXBuildFile; fileRef = 294F4574277905BB00977447 /* Bios Boot.wav */; };
		294F459427790AE800977447 /* GBLAScene.swift in Sources */ = {isa = PBXBuildFile; fileRef = 29160A6727780C5A00A81EAE /* GBLAScene.swift */; };
		294F45962779115500977447 /* OilyCowScene.swift in Sources */ = {isa = PBXBuildFile; fileRef = 294F45952779115500977447 /* OilyCowScene.swift */; };
		294F45972779115500977447 /* OilyCowScene.swift in Sources */ = {isa = PBXBuildFile; fileRef = 294F45952779115500977447 /* OilyCowScene.swift */; };
		294F4599277970D400977447 /* OilyCow2Scene.sks in Resources */ = {isa = PBXBuildFile; fileRef = 294F4598277970D400977447 /* OilyCow2Scene.sks */; };
		294F459A277970D400977447 /* OilyCow2Scene.sks in Resources */ = {isa = PBXBuildFile; fileRef = 294F4598277970D400977447 /* OilyCow2Scene.sks */; };
		294F459C277970E400977447 /* OilyCow2Scene.swift in Sources */ = {isa = PBXBuildFile; fileRef = 294F459B277970E400977447 /* OilyCow2Scene.swift */; };
		294F459D277970E400977447 /* OilyCow2Scene.swift in Sources */ = {isa = PBXBuildFile; fileRef = 294F459B277970E400977447 /* OilyCow2Scene.swift */; };
		295A3F88277A719400174BB7 /* Title BGM.wav in Resources */ = {isa = PBXBuildFile; fileRef = 295A3F87277A719400174BB7 /* Title BGM.wav */; };
		295A3F89277A719400174BB7 /* Title BGM.wav in Resources */ = {isa = PBXBuildFile; fileRef = 295A3F87277A719400174BB7 /* Title BGM.wav */; };
		295A3F8B277A728200174BB7 /* SampleTitleScene.swift in Sources */ = {isa = PBXBuildFile; fileRef = 295A3F8A277A728200174BB7 /* SampleTitleScene.swift */; };
		295A3F8C277A728200174BB7 /* SampleTitleScene.swift in Sources */ = {isa = PBXBuildFile; fileRef = 295A3F8A277A728200174BB7 /* SampleTitleScene.swift */; };
		295A3F8D277A736600174BB7 /* SampleTitleScene.sks in Resources */ = {isa = PBXBuildFile; fileRef = 290B2B19277A6E6C007382C7 /* SampleTitleScene.sks */; };
		29A645182776EAA9009007C6 /* AppDelegate.swift in Sources */ = {isa = PBXBuildFile; fileRef = 29A645172776EAA9009007C6 /* AppDelegate.swift */; };
		29A6451A2776EAA9009007C6 /* GameViewController.swift in Sources */ = {isa = PBXBuildFile; fileRef = 29A645192776EAA9009007C6 /* GameViewController.swift */; };
		29A6451D2776EAA9009007C6 /* Main.storyboard in Resources */ = {isa = PBXBuildFile; fileRef = 29A6451B2776EAA9009007C6 /* Main.storyboard */; };
		29A6451F2776EAA9009007C6 /* Actions.sks in Resources */ = {isa = PBXBuildFile; fileRef = 29A6450C2776EAA8009007C6 /* Actions.sks */; };
		29A645202776EAA9009007C6 /* GameScene.sks in Resources */ = {isa = PBXBuildFile; fileRef = 29A6450D2776EAA8009007C6 /* GameScene.sks */; };
		29A645212776EAA9009007C6 /* GameScene.swift in Sources */ = {isa = PBXBuildFile; fileRef = 29A6450E2776EAA8009007C6 /* GameScene.swift */; };
		29A645222776EAA9009007C6 /* Assets.xcassets in Resources */ = {isa = PBXBuildFile; fileRef = 29A6450F2776EAA9009007C6 /* Assets.xcassets */; };
		29D85771279DDE4D007F9772 /* GunwomanSprite.swift in Sources */ = {isa = PBXBuildFile; fileRef = 29D85770279DDE4D007F9772 /* GunwomanSprite.swift */; };
		29D85772279DDE4D007F9772 /* GunwomanSprite.swift in Sources */ = {isa = PBXBuildFile; fileRef = 29D85770279DDE4D007F9772 /* GunwomanSprite.swift */; };
/* End PBXBuildFile section */

/* Begin PBXFileReference section */
		290B2B19277A6E6C007382C7 /* SampleTitleScene.sks */ = {isa = PBXFileReference; lastKnownFileType = file.sks; path = SampleTitleScene.sks; sourceTree = "<group>"; };
		29160A6727780C5A00A81EAE /* GBLAScene.swift */ = {isa = PBXFileReference; lastKnownFileType = sourcecode.swift; path = GBLAScene.swift; sourceTree = "<group>"; };
		2929238227801DED0028B5F0 /* MyTileSet.sks */ = {isa = PBXFileReference; lastKnownFileType = file.sks; path = MyTileSet.sks; sourceTree = "<group>"; };
		2929238327801DED0028B5F0 /* Assets.xcassets */ = {isa = PBXFileReference; lastKnownFileType = folder.assetcatalog; path = Assets.xcassets; sourceTree = "<group>"; };
		29292388278134AB0028B5F0 /* TileMapScene.sks */ = {isa = PBXFileReference; lastKnownFileType = file.sks; path = TileMapScene.sks; sourceTree = "<group>"; };
		2929238B278168400028B5F0 /* TileMapScene.swift */ = {isa = PBXFileReference; lastKnownFileType = sourcecode.swift; path = TileMapScene.swift; sourceTree = "<group>"; };
		29492FEA278BFBF600E987C9 /* SampleRainParticles.sks */ = {isa = PBXFileReference; lastKnownFileType = file.sks; path = SampleRainParticles.sks; sourceTree = "<group>"; };
		29492FEB278BFBF600E987C9 /* Assets.xcassets */ = {isa = PBXFileReference; lastKnownFileType = folder.assetcatalog; path = Assets.xcassets; sourceTree = "<group>"; };
		294F4574277905BB00977447 /* Bios Boot.wav */ = {isa = PBXFileReference; lastKnownFileType = audio.wav; path = "Bios Boot.wav"; sourceTree = "<group>"; };
		294F457C277907BE00977447 /* Sample SpriteKit Game tvOS.app */ = {isa = PBXFileReference; explicitFileType = wrapper.application; includeInIndex = 0; path = "Sample SpriteKit Game tvOS.app"; sourceTree = BUILT_PRODUCTS_DIR; };
		294F457E277907BE00977447 /* AppDelegate.swift */ = {isa = PBXFileReference; lastKnownFileType = sourcecode.swift; path = AppDelegate.swift; sourceTree = "<group>"; };
		294F4580277907BE00977447 /* GameScene.sks */ = {isa = PBXFileReference; lastKnownFileType = file.sks; path = GameScene.sks; sourceTree = "<group>"; };
		294F4582277907BE00977447 /* Actions.sks */ = {isa = PBXFileReference; lastKnownFileType = file.sks; path = Actions.sks; sourceTree = "<group>"; };
		294F4584277907BE00977447 /* GameScene.swift */ = {isa = PBXFileReference; lastKnownFileType = sourcecode.swift; path = GameScene.swift; sourceTree = "<group>"; };
		294F4586277907BE00977447 /* GameViewController.swift */ = {isa = PBXFileReference; lastKnownFileType = sourcecode.swift; path = GameViewController.swift; sourceTree = "<group>"; };
		294F4589277907BE00977447 /* Base */ = {isa = PBXFileReference; lastKnownFileType = file.storyboard; name = Base; path = Base.lproj/Main.storyboard; sourceTree = "<group>"; };
		294F458B277907BE00977447 /* Assets.xcassets */ = {isa = PBXFileReference; lastKnownFileType = folder.assetcatalog; path = Assets.xcassets; sourceTree = "<group>"; };
		294F458E277907BE00977447 /* Base */ = {isa = PBXFileReference; lastKnownFileType = file.storyboard; name = Base; path = Base.lproj/LaunchScreen.storyboard; sourceTree = "<group>"; };
		294F45952779115500977447 /* OilyCowScene.swift */ = {isa = PBXFileReference; lastKnownFileType = sourcecode.swift; path = OilyCowScene.swift; sourceTree = "<group>"; };
		294F4598277970D400977447 /* OilyCow2Scene.sks */ = {isa = PBXFileReference; lastKnownFileType = file.sks; path = OilyCow2Scene.sks; sourceTree = "<group>"; };
		294F459B277970E400977447 /* OilyCow2Scene.swift */ = {isa = PBXFileReference; lastKnownFileType = sourcecode.swift; path = OilyCow2Scene.swift; sourceTree = "<group>"; };
		295A3F87277A719400174BB7 /* Title BGM.wav */ = {isa = PBXFileReference; lastKnownFileType = audio.wav; path = "Title BGM.wav"; sourceTree = "<group>"; };
		295A3F8A277A728200174BB7 /* SampleTitleScene.swift */ = {isa = PBXFileReference; lastKnownFileType = sourcecode.swift; path = SampleTitleScene.swift; sourceTree = "<group>"; };
		29A6450C2776EAA8009007C6 /* Actions.sks */ = {isa = PBXFileReference; lastKnownFileType = file.sks; path = Actions.sks; sourceTree = "<group>"; };
		29A6450D2776EAA8009007C6 /* GameScene.sks */ = {isa = PBXFileReference; lastKnownFileType = file.sks; path = GameScene.sks; sourceTree = "<group>"; };
		29A6450E2776EAA8009007C6 /* GameScene.swift */ = {isa = PBXFileReference; lastKnownFileType = sourcecode.swift; path = GameScene.swift; sourceTree = "<group>"; };
		29A6450F2776EAA9009007C6 /* Assets.xcassets */ = {isa = PBXFileReference; lastKnownFileType = folder.assetcatalog; path = Assets.xcassets; sourceTree = "<group>"; };
		29A645142776EAA9009007C6 /* Sample SpriteKit Game.app */ = {isa = PBXFileReference; explicitFileType = wrapper.application; includeInIndex = 0; path = "Sample SpriteKit Game.app"; sourceTree = BUILT_PRODUCTS_DIR; };
		29A645172776EAA9009007C6 /* AppDelegate.swift */ = {isa = PBXFileReference; lastKnownFileType = sourcecode.swift; path = AppDelegate.swift; sourceTree = "<group>"; };
		29A645192776EAA9009007C6 /* GameViewController.swift */ = {isa = PBXFileReference; lastKnownFileType = sourcecode.swift; path = GameViewController.swift; sourceTree = "<group>"; };
		29A6451C2776EAA9009007C6 /* Base */ = {isa = PBXFileReference; lastKnownFileType = file.storyboard; name = Base; path = Base.lproj/Main.storyboard; sourceTree = "<group>"; };
		29A6451E2776EAA9009007C6 /* Sample_SpriteKit_Game_macOS.entitlements */ = {isa = PBXFileReference; lastKnownFileType = text.plist.entitlements; path = Sample_SpriteKit_Game_macOS.entitlements; sourceTree = "<group>"; };
		29D85770279DDE4D007F9772 /* GunwomanSprite.swift */ = {isa = PBXFileReference; lastKnownFileType = sourcecode.swift; path = GunwomanSprite.swift; sourceTree = "<group>"; };
/* End PBXFileReference section */

/* Begin PBXFrameworksBuildPhase section */
		294F4579277907BE00977447 /* Frameworks */ = {
			isa = PBXFrameworksBuildPhase;
			buildActionMask = 2147483647;
			files = (
			);
			runOnlyForDeploymentPostprocessing = 0;
		};
		29A645112776EAA9009007C6 /* Frameworks */ = {
			isa = PBXFrameworksBuildPhase;
			buildActionMask = 2147483647;
			files = (
			);
			runOnlyForDeploymentPostprocessing = 0;
		};
/* End PBXFrameworksBuildPhase section */

/* Begin PBXGroup section */
		29492FE8278BFB3400E987C9 /* Particles */ = {
			isa = PBXGroup;
			children = (
				29492FEA278BFBF600E987C9 /* SampleRainParticles.sks */,
				29492FEB278BFBF600E987C9 /* Assets.xcassets */,
			);
			path = Particles;
			sourceTree = "<group>";
		};
		29492FE9278BFB3E00E987C9 /* Tile Maps */ = {
			isa = PBXGroup;
			children = (
				2929238227801DED0028B5F0 /* MyTileSet.sks */,
				2929238327801DED0028B5F0 /* Assets.xcassets */,
			);
			path = "Tile Maps";
			sourceTree = "<group>";
		};
		294F4573277905A200977447 /* Audio */ = {
			isa = PBXGroup;
			children = (
				295A3F87277A719400174BB7 /* Title BGM.wav */,
				294F4574277905BB00977447 /* Bios Boot.wav */,
			);
			path = Audio;
			sourceTree = "<group>";
		};
		294F45762779071C00977447 /* SKS */ = {
			isa = PBXGroup;
			children = (
				29492FE9278BFB3E00E987C9 /* Tile Maps */,
				29492FE8278BFB3400E987C9 /* Particles */,
				29A6450C2776EAA8009007C6 /* Actions.sks */,
				29292388278134AB0028B5F0 /* TileMapScene.sks */,
				29A6450D2776EAA8009007C6 /* GameScene.sks */,
				294F4598277970D400977447 /* OilyCow2Scene.sks */,
				290B2B19277A6E6C007382C7 /* SampleTitleScene.sks */,
			);
			path = SKS;
			sourceTree = "<group>";
		};
		294F45772779072A00977447 /* Source */ = {
			isa = PBXGroup;
			children = (
				29D8576F279DDE3C007F9772 /* Entities */,
				29160A6727780C5A00A81EAE /* GBLAScene.swift */,
				29A6450E2776EAA8009007C6 /* GameScene.swift */,
				294F45952779115500977447 /* OilyCowScene.swift */,
				294F459B277970E400977447 /* OilyCow2Scene.swift */,
				295A3F8A277A728200174BB7 /* SampleTitleScene.swift */,
				2929238B278168400028B5F0 /* TileMapScene.swift */,
			);
			path = Source;
			sourceTree = "<group>";
		};
		294F457D277907BE00977447 /* Sample SpriteKit Game tvOS */ = {
			isa = PBXGroup;
			children = (
				294F457E277907BE00977447 /* AppDelegate.swift */,
				294F4580277907BE00977447 /* GameScene.sks */,
				294F4582277907BE00977447 /* Actions.sks */,
				294F4584277907BE00977447 /* GameScene.swift */,
				294F4586277907BE00977447 /* GameViewController.swift */,
				294F4588277907BE00977447 /* Main.storyboard */,
				294F458B277907BE00977447 /* Assets.xcassets */,
				294F458D277907BE00977447 /* LaunchScreen.storyboard */,
			);
			path = "Sample SpriteKit Game tvOS";
			sourceTree = "<group>";
		};
		29A645062776EAA8009007C6 = {
			isa = PBXGroup;
			children = (
				29A6450B2776EAA8009007C6 /* Sample SpriteKit Game Shared */,
				29A645162776EAA9009007C6 /* Sample SpriteKit Game macOS */,
				294F457D277907BE00977447 /* Sample SpriteKit Game tvOS */,
				29A645152776EAA9009007C6 /* Products */,
			);
			sourceTree = "<group>";
		};
		29A6450B2776EAA8009007C6 /* Sample SpriteKit Game Shared */ = {
			isa = PBXGroup;
			children = (
				294F45772779072A00977447 /* Source */,
				294F45762779071C00977447 /* SKS */,
				294F4573277905A200977447 /* Audio */,
				29A6450F2776EAA9009007C6 /* Assets.xcassets */,
			);
			path = "Sample SpriteKit Game Shared";
			sourceTree = "<group>";
		};
		29A645152776EAA9009007C6 /* Products */ = {
			isa = PBXGroup;
			children = (
				29A645142776EAA9009007C6 /* Sample SpriteKit Game.app */,
				294F457C277907BE00977447 /* Sample SpriteKit Game tvOS.app */,
			);
			name = Products;
			sourceTree = "<group>";
		};
		29A645162776EAA9009007C6 /* Sample SpriteKit Game macOS */ = {
			isa = PBXGroup;
			children = (
				29A645172776EAA9009007C6 /* AppDelegate.swift */,
				29A645192776EAA9009007C6 /* GameViewController.swift */,
				29A6451B2776EAA9009007C6 /* Main.storyboard */,
				29A6451E2776EAA9009007C6 /* Sample_SpriteKit_Game_macOS.entitlements */,
			);
			path = "Sample SpriteKit Game macOS";
			sourceTree = "<group>";
		};
		29D8576F279DDE3C007F9772 /* Entities */ = {
			isa = PBXGroup;
			children = (
				29D85770279DDE4D007F9772 /* GunwomanSprite.swift */,
			);
			path = Entities;
			sourceTree = "<group>";
		};
/* End PBXGroup section */

/* Begin PBXNativeTarget section */
		294F457B277907BE00977447 /* Sample SpriteKit Game tvOS */ = {
			isa = PBXNativeTarget;
			buildConfigurationList = 294F4590277907BE00977447 /* Build configuration list for PBXNativeTarget "Sample SpriteKit Game tvOS" */;
			buildPhases = (
				294F4578277907BE00977447 /* Sources */,
				294F4579277907BE00977447 /* Frameworks */,
				294F457A277907BE00977447 /* Resources */,
			);
			buildRules = (
			);
			dependencies = (
			);
			name = "Sample SpriteKit Game tvOS";
			productName = "Sample SpriteKit Game tvOS";
			productReference = 294F457C277907BE00977447 /* Sample SpriteKit Game tvOS.app */;
			productType = "com.apple.product-type.application";
		};
		29A645132776EAA9009007C6 /* Sample SpriteKit Game macOS */ = {
			isa = PBXNativeTarget;
			buildConfigurationList = 29A645252776EAA9009007C6 /* Build configuration list for PBXNativeTarget "Sample SpriteKit Game macOS" */;
			buildPhases = (
				29A645102776EAA9009007C6 /* Sources */,
				29A645112776EAA9009007C6 /* Frameworks */,
				29A645122776EAA9009007C6 /* Resources */,
			);
			buildRules = (
			);
			dependencies = (
			);
			name = "Sample SpriteKit Game macOS";
			productName = "Sample SpriteKit Game macOS";
			productReference = 29A645142776EAA9009007C6 /* Sample SpriteKit Game.app */;
			productType = "com.apple.product-type.application";
		};
/* End PBXNativeTarget section */

/* Begin PBXProject section */
		29A645072776EAA8009007C6 /* Project object */ = {
			isa = PBXProject;
			attributes = {
				BuildIndependentTargetsInParallel = 1;
				LastSwiftUpdateCheck = 1320;
				LastUpgradeCheck = 1320;
				TargetAttributes = {
					294F457B277907BE00977447 = {
						CreatedOnToolsVersion = 13.2.1;
					};
					29A645132776EAA9009007C6 = {
						CreatedOnToolsVersion = 13.2.1;
					};
				};
			};
			buildConfigurationList = 29A6450A2776EAA8009007C6 /* Build configuration list for PBXProject "Sample SpriteKit Game" */;
			compatibilityVersion = "Xcode 13.0";
			developmentRegion = en;
			hasScannedForEncodings = 0;
			knownRegions = (
				en,
				Base,
			);
			mainGroup = 29A645062776EAA8009007C6;
			productRefGroup = 29A645152776EAA9009007C6 /* Products */;
			projectDirPath = "";
			projectRoot = "";
			targets = (
				29A645132776EAA9009007C6 /* Sample SpriteKit Game macOS */,
				294F457B277907BE00977447 /* Sample SpriteKit Game tvOS */,
			);
		};
/* End PBXProject section */

/* Begin PBXResourcesBuildPhase section */
		294F457A277907BE00977447 /* Resources */ = {
			isa = PBXResourcesBuildPhase;
			buildActionMask = 2147483647;
			files = (
				29433CF7277A7A4700DBF30A /* Assets.xcassets in Resources */,
				2929238A278134AB0028B5F0 /* TileMapScene.sks in Resources */,
				294F4593277907CD00977447 /* Bios Boot.wav in Resources */,
				2929238727801DED0028B5F0 /* Assets.xcassets in Resources */,
				29492FEF278BFBF600E987C9 /* Assets.xcassets in Resources */,
				295A3F8D277A736600174BB7 /* SampleTitleScene.sks in Resources */,
				294F459A277970D400977447 /* OilyCow2Scene.sks in Resources */,
				294F458A277907BE00977447 /* Main.storyboard in Resources */,
				295A3F89277A719400174BB7 /* Title BGM.wav in Resources */,
				29492FED278BFBF600E987C9 /* SampleRainParticles.sks in Resources */,
				294F4581277907BE00977447 /* GameScene.sks in Resources */,
				294F458F277907BE00977447 /* LaunchScreen.storyboard in Resources */,
				2929238527801DED0028B5F0 /* MyTileSet.sks in Resources */,
				294F4583277907BE00977447 /* Actions.sks in Resources */,
			);
			runOnlyForDeploymentPostprocessing = 0;
		};
		29A645122776EAA9009007C6 /* Resources */ = {
			isa = PBXResourcesBuildPhase;
			buildActionMask = 2147483647;
			files = (
				29A6451D2776EAA9009007C6 /* Main.storyboard in Resources */,
				29492FEC278BFBF600E987C9 /* SampleRainParticles.sks in Resources */,
				294F4575277905BB00977447 /* Bios Boot.wav in Resources */,
				29A645202776EAA9009007C6 /* GameScene.sks in Resources */,
				295A3F88277A719400174BB7 /* Title BGM.wav in Resources */,
				2929238627801DED0028B5F0 /* Assets.xcassets in Resources */,
				29492FEE278BFBF600E987C9 /* Assets.xcassets in Resources */,
				29A645222776EAA9009007C6 /* Assets.xcassets in Resources */,
				29292389278134AB0028B5F0 /* TileMapScene.sks in Resources */,
				294F4599277970D400977447 /* OilyCow2Scene.sks in Resources */,
				2929238427801DED0028B5F0 /* MyTileSet.sks in Resources */,
				290B2B1A277A6E6C007382C7 /* SampleTitleScene.sks in Resources */,
				29A6451F2776EAA9009007C6 /* Actions.sks in Resources */,
			);
			runOnlyForDeploymentPostprocessing = 0;
		};
/* End PBXResourcesBuildPhase section */

/* Begin PBXSourcesBuildPhase section */
		294F4578277907BE00977447 /* Sources */ = {
			isa = PBXSourcesBuildPhase;
			buildActionMask = 2147483647;
			files = (
				295A3F8C277A728200174BB7 /* SampleTitleScene.swift in Sources */,
				294F459427790AE800977447 /* GBLAScene.swift in Sources */,
				294F4585277907BE00977447 /* GameScene.swift in Sources */,
				29D85772279DDE4D007F9772 /* GunwomanSprite.swift in Sources */,
				294F459D277970E400977447 /* OilyCow2Scene.swift in Sources */,
				294F4587277907BE00977447 /* GameViewController.swift in Sources */,
				294F457F277907BE00977447 /* AppDelegate.swift in Sources */,
				294F45972779115500977447 /* OilyCowScene.swift in Sources */,
				2929238D278168400028B5F0 /* TileMapScene.swift in Sources */,
			);
			runOnlyForDeploymentPostprocessing = 0;
		};
		29A645102776EAA9009007C6 /* Sources */ = {
			isa = PBXSourcesBuildPhase;
			buildActionMask = 2147483647;
			files = (
				295A3F8B277A728200174BB7 /* SampleTitleScene.swift in Sources */,
				29A645212776EAA9009007C6 /* GameScene.swift in Sources */,
				29A6451A2776EAA9009007C6 /* GameViewController.swift in Sources */,
				29D85771279DDE4D007F9772 /* GunwomanSprite.swift in Sources */,
				294F459C277970E400977447 /* OilyCow2Scene.swift in Sources */,
				29160A6827780C5A00A81EAE /* GBLAScene.swift in Sources */,
				29A645182776EAA9009007C6 /* AppDelegate.swift in Sources */,
				294F45962779115500977447 /* OilyCowScene.swift in Sources */,
				2929238C278168400028B5F0 /* TileMapScene.swift in Sources */,
			);
			runOnlyForDeploymentPostprocessing = 0;
		};
/* End PBXSourcesBuildPhase section */

/* Begin PBXVariantGroup section */
		294F4588277907BE00977447 /* Main.storyboard */ = {
			isa = PBXVariantGroup;
			children = (
				294F4589277907BE00977447 /* Base */,
			);
			name = Main.storyboard;
			sourceTree = "<group>";
		};
		294F458D277907BE00977447 /* LaunchScreen.storyboard */ = {
			isa = PBXVariantGroup;
			children = (
				294F458E277907BE00977447 /* Base */,
			);
			name = LaunchScreen.storyboard;
			sourceTree = "<group>";
		};
		29A6451B2776EAA9009007C6 /* Main.storyboard */ = {
			isa = PBXVariantGroup;
			children = (
				29A6451C2776EAA9009007C6 /* Base */,
			);
			name = Main.storyboard;
			sourceTree = "<group>";
		};
/* End PBXVariantGroup section */

/* Begin XCBuildConfiguration section */
		294F4591277907BE00977447 /* Debug */ = {
			isa = XCBuildConfiguration;
			buildSettings = {
				ASSETCATALOG_COMPILER_APPICON_NAME = "App Icon & Top Shelf Image";
				ASSETCATALOG_COMPILER_GLOBAL_ACCENT_COLOR_NAME = AccentColor;
				CODE_SIGN_STYLE = Automatic;
				CURRENT_PROJECT_VERSION = 1;
				DEVELOPMENT_TEAM = D8456CNSFU;
				GENERATE_INFOPLIST_FILE = YES;
				INFOPLIST_KEY_UILaunchStoryboardName = LaunchScreen;
				INFOPLIST_KEY_UIMainStoryboardFile = Main;
				INFOPLIST_KEY_UIUserInterfaceStyle = Automatic;
				LD_RUNPATH_SEARCH_PATHS = (
					"$(inherited)",
					"@executable_path/Frameworks",
				);
				MARKETING_VERSION = 1.0;
				PRODUCT_BUNDLE_IDENTIFIER = "blog.gregfmartin.Sample-SpriteKit-Game-tvOS";
				PRODUCT_NAME = "$(TARGET_NAME)";
				SDKROOT = appletvos;
				SWIFT_EMIT_LOC_STRINGS = YES;
				SWIFT_VERSION = 5.0;
				TARGETED_DEVICE_FAMILY = 3;
				TVOS_DEPLOYMENT_TARGET = 15.0;
			};
			name = Debug;
		};
		294F4592277907BE00977447 /* Release */ = {
			isa = XCBuildConfiguration;
			buildSettings = {
				ASSETCATALOG_COMPILER_APPICON_NAME = "App Icon & Top Shelf Image";
				ASSETCATALOG_COMPILER_GLOBAL_ACCENT_COLOR_NAME = AccentColor;
				CODE_SIGN_STYLE = Automatic;
				CURRENT_PROJECT_VERSION = 1;
				DEVELOPMENT_TEAM = D8456CNSFU;
				GENERATE_INFOPLIST_FILE = YES;
				INFOPLIST_KEY_UILaunchStoryboardName = LaunchScreen;
				INFOPLIST_KEY_UIMainStoryboardFile = Main;
				INFOPLIST_KEY_UIUserInterfaceStyle = Automatic;
				LD_RUNPATH_SEARCH_PATHS = (
					"$(inherited)",
					"@executable_path/Frameworks",
				);
				MARKETING_VERSION = 1.0;
				PRODUCT_BUNDLE_IDENTIFIER = "blog.gregfmartin.Sample-SpriteKit-Game-tvOS";
				PRODUCT_NAME = "$(TARGET_NAME)";
				SDKROOT = appletvos;
				SWIFT_EMIT_LOC_STRINGS = YES;
				SWIFT_VERSION = 5.0;
				TARGETED_DEVICE_FAMILY = 3;
				TVOS_DEPLOYMENT_TARGET = 15.0;
				VALIDATE_PRODUCT = YES;
			};
			name = Release;
		};
		29A645232776EAA9009007C6 /* Debug */ = {
			isa = XCBuildConfiguration;
			buildSettings = {
				ALWAYS_SEARCH_USER_PATHS = NO;
				CLANG_ANALYZER_NONNULL = YES;
				CLANG_ANALYZER_NUMBER_OBJECT_CONVERSION = YES_AGGRESSIVE;
				CLANG_CXX_LANGUAGE_STANDARD = "gnu++17";
				CLANG_CXX_LIBRARY = "libc++";
				CLANG_ENABLE_MODULES = YES;
				CLANG_ENABLE_OBJC_ARC = YES;
				CLANG_ENABLE_OBJC_WEAK = YES;
				CLANG_WARN_BLOCK_CAPTURE_AUTORELEASING = YES;
				CLANG_WARN_BOOL_CONVERSION = YES;
				CLANG_WARN_COMMA = YES;
				CLANG_WARN_CONSTANT_CONVERSION = YES;
				CLANG_WARN_DEPRECATED_OBJC_IMPLEMENTATIONS = YES;
				CLANG_WARN_DIRECT_OBJC_ISA_USAGE = YES_ERROR;
				CLANG_WARN_DOCUMENTATION_COMMENTS = YES;
				CLANG_WARN_EMPTY_BODY = YES;
				CLANG_WARN_ENUM_CONVERSION = YES;
				CLANG_WARN_INFINITE_RECURSION = YES;
				CLANG_WARN_INT_CONVERSION = YES;
				CLANG_WARN_NON_LITERAL_NULL_CONVERSION = YES;
				CLANG_WARN_OBJC_IMPLICIT_RETAIN_SELF = YES;
				CLANG_WARN_OBJC_LITERAL_CONVERSION = YES;
				CLANG_WARN_OBJC_ROOT_CLASS = YES_ERROR;
				CLANG_WARN_QUOTED_INCLUDE_IN_FRAMEWORK_HEADER = YES;
				CLANG_WARN_RANGE_LOOP_ANALYSIS = YES;
				CLANG_WARN_STRICT_PROTOTYPES = YES;
				CLANG_WARN_SUSPICIOUS_MOVE = YES;
				CLANG_WARN_UNGUARDED_AVAILABILITY = YES_AGGRESSIVE;
				CLANG_WARN_UNREACHABLE_CODE = YES;
				CLANG_WARN__DUPLICATE_METHOD_MATCH = YES;
				COPY_PHASE_STRIP = NO;
				DEBUG_INFORMATION_FORMAT = dwarf;
				ENABLE_STRICT_OBJC_MSGSEND = YES;
				ENABLE_TESTABILITY = YES;
				GCC_C_LANGUAGE_STANDARD = gnu11;
				GCC_DYNAMIC_NO_PIC = NO;
				GCC_NO_COMMON_BLOCKS = YES;
				GCC_OPTIMIZATION_LEVEL = 0;
				GCC_PREPROCESSOR_DEFINITIONS = (
					"DEBUG=1",
					"$(inherited)",
				);
				GCC_WARN_64_TO_32_BIT_CONVERSION = YES;
				GCC_WARN_ABOUT_RETURN_TYPE = YES_ERROR;
				GCC_WARN_UNDECLARED_SELECTOR = YES;
				GCC_WARN_UNINITIALIZED_AUTOS = YES_AGGRESSIVE;
				GCC_WARN_UNUSED_FUNCTION = YES;
				GCC_WARN_UNUSED_VARIABLE = YES;
				MTL_ENABLE_DEBUG_INFO = INCLUDE_SOURCE;
				MTL_FAST_MATH = YES;
				ONLY_ACTIVE_ARCH = YES;
				SWIFT_ACTIVE_COMPILATION_CONDITIONS = DEBUG;
				SWIFT_OPTIMIZATION_LEVEL = "-Onone";
			};
			name = Debug;
		};
		29A645242776EAA9009007C6 /* Release */ = {
			isa = XCBuildConfiguration;
			buildSettings = {
				ALWAYS_SEARCH_USER_PATHS = NO;
				CLANG_ANALYZER_NONNULL = YES;
				CLANG_ANALYZER_NUMBER_OBJECT_CONVERSION = YES_AGGRESSIVE;
				CLANG_CXX_LANGUAGE_STANDARD = "gnu++17";
				CLANG_CXX_LIBRARY = "libc++";
				CLANG_ENABLE_MODULES = YES;
				CLANG_ENABLE_OBJC_ARC = YES;
				CLANG_ENABLE_OBJC_WEAK = YES;
				CLANG_WARN_BLOCK_CAPTURE_AUTORELEASING = YES;
				CLANG_WARN_BOOL_CONVERSION = YES;
				CLANG_WARN_COMMA = YES;
				CLANG_WARN_CONSTANT_CONVERSION = YES;
				CLANG_WARN_DEPRECATED_OBJC_IMPLEMENTATIONS = YES;
				CLANG_WARN_DIRECT_OBJC_ISA_USAGE = YES_ERROR;
				CLANG_WARN_DOCUMENTATION_COMMENTS = YES;
				CLANG_WARN_EMPTY_BODY = YES;
				CLANG_WARN_ENUM_CONVERSION = YES;
				CLANG_WARN_INFINITE_RECURSION = YES;
				CLANG_WARN_INT_CONVERSION = YES;
				CLANG_WARN_NON_LITERAL_NULL_CONVERSION = YES;
				CLANG_WARN_OBJC_IMPLICIT_RETAIN_SELF = YES;
				CLANG_WARN_OBJC_LITERAL_CONVERSION = YES;
				CLANG_WARN_OBJC_ROOT_CLASS = YES_ERROR;
				CLANG_WARN_QUOTED_INCLUDE_IN_FRAMEWORK_HEADER = YES;
				CLANG_WARN_RANGE_LOOP_ANALYSIS = YES;
				CLANG_WARN_STRICT_PROTOTYPES = YES;
				CLANG_WARN_SUSPICIOUS_MOVE = YES;
				CLANG_WARN_UNGUARDED_AVAILABILITY = YES_AGGRESSIVE;
				CLANG_WARN_UNREACHABLE_CODE = YES;
				CLANG_WARN__DUPLICATE_METHOD_MATCH = YES;
				COPY_PHASE_STRIP = NO;
				DEBUG_INFORMATION_FORMAT = "dwarf-with-dsym";
				ENABLE_NS_ASSERTIONS = NO;
				ENABLE_STRICT_OBJC_MSGSEND = YES;
				GCC_C_LANGUAGE_STANDARD = gnu11;
				GCC_NO_COMMON_BLOCKS = YES;
				GCC_WARN_64_TO_32_BIT_CONVERSION = YES;
				GCC_WARN_ABOUT_RETURN_TYPE = YES_ERROR;
				GCC_WARN_UNDECLARED_SELECTOR = YES;
				GCC_WARN_UNINITIALIZED_AUTOS = YES_AGGRESSIVE;
				GCC_WARN_UNUSED_FUNCTION = YES;
				GCC_WARN_UNUSED_VARIABLE = YES;
				MTL_ENABLE_DEBUG_INFO = NO;
				MTL_FAST_MATH = YES;
				SWIFT_COMPILATION_MODE = wholemodule;
				SWIFT_OPTIMIZATION_LEVEL = "-O";
			};
			name = Release;
		};
		29A645262776EAA9009007C6 /* Debug */ = {
			isa = XCBuildConfiguration;
			buildSettings = {
				ASSETCATALOG_COMPILER_APPICON_NAME = AppIcon;
				ASSETCATALOG_COMPILER_GLOBAL_ACCENT_COLOR_NAME = AccentColor;
				CODE_SIGN_ENTITLEMENTS = "Sample SpriteKit Game macOS/Sample_SpriteKit_Game_macOS.entitlements";
				CODE_SIGN_STYLE = Automatic;
				COMBINE_HIDPI_IMAGES = YES;
				CURRENT_PROJECT_VERSION = 1;
				DEVELOPMENT_TEAM = D8456CNSFU;
				ENABLE_HARDENED_RUNTIME = YES;
				GENERATE_INFOPLIST_FILE = YES;
				INFOPLIST_KEY_NSHumanReadableCopyright = "";
				INFOPLIST_KEY_NSMainStoryboardFile = Main;
				INFOPLIST_KEY_NSPrincipalClass = NSApplication;
				LD_RUNPATH_SEARCH_PATHS = (
					"$(inherited)",
					"@executable_path/../Frameworks",
				);
				MACOSX_DEPLOYMENT_TARGET = 12.1;
				MARKETING_VERSION = 1.0;
				PRODUCT_BUNDLE_IDENTIFIER = "blog.gregfmartin.Sample-SpriteKit-Game";
				PRODUCT_NAME = "Sample SpriteKit Game";
				SDKROOT = macosx;
				SWIFT_EMIT_LOC_STRINGS = YES;
				SWIFT_VERSION = 5.0;
			};
			name = Debug;
		};
		29A645272776EAA9009007C6 /* Release */ = {
			isa = XCBuildConfiguration;
			buildSettings = {
				ASSETCATALOG_COMPILER_APPICON_NAME = AppIcon;
				ASSETCATALOG_COMPILER_GLOBAL_ACCENT_COLOR_NAME = AccentColor;
				CODE_SIGN_ENTITLEMENTS = "Sample SpriteKit Game macOS/Sample_SpriteKit_Game_macOS.entitlements";
				CODE_SIGN_STYLE = Automatic;
				COMBINE_HIDPI_IMAGES = YES;
				CURRENT_PROJECT_VERSION = 1;
				DEVELOPMENT_TEAM = D8456CNSFU;
				ENABLE_HARDENED_RUNTIME = YES;
				GENERATE_INFOPLIST_FILE = YES;
				INFOPLIST_KEY_NSHumanReadableCopyright = "";
				INFOPLIST_KEY_NSMainStoryboardFile = Main;
				INFOPLIST_KEY_NSPrincipalClass = NSApplication;
				LD_RUNPATH_SEARCH_PATHS = (
					"$(inherited)",
					"@executable_path/../Frameworks",
				);
				MACOSX_DEPLOYMENT_TARGET = 12.1;
				MARKETING_VERSION = 1.0;
				PRODUCT_BUNDLE_IDENTIFIER = "blog.gregfmartin.Sample-SpriteKit-Game";
				PRODUCT_NAME = "Sample SpriteKit Game";
				SDKROOT = macosx;
				SWIFT_EMIT_LOC_STRINGS = YES;
				SWIFT_VERSION = 5.0;
			};
			name = Release;
		};
/* End XCBuildConfiguration section */

/* Begin XCConfigurationList section */
		294F4590277907BE00977447 /* Build configuration list for PBXNativeTarget "Sample SpriteKit Game tvOS" */ = {
			isa = XCConfigurationList;
			buildConfigurations = (
				294F4591277907BE00977447 /* Debug */,
				294F4592277907BE00977447 /* Release */,
			);
			defaultConfigurationIsVisible = 0;
			defaultConfigurationName = Release;
		};
		29A6450A2776EAA8009007C6 /* Build configuration list for PBXProject "Sample SpriteKit Game" */ = {
			isa = XCConfigurationList;
			buildConfigurations = (
				29A645232776EAA9009007C6 /* Debug */,
				29A645242776EAA9009007C6 /* Release */,
			);
			defaultConfigurationIsVisible = 0;
			defaultConfigurationName = Release;
		};
		29A645252776EAA9009007C6 /* Build configuration list for PBXNativeTarget "Sample SpriteKit Game macOS" */ = {
			isa = XCConfigurationList;
			buildConfigurations = (
				29A645262776EAA9009007C6 /* Debug */,
				29A645272776EAA9009007C6 /* Release */,
			);
			defaultConfigurationIsVisible = 0;
			defaultConfigurationName = Release;
		};
/* End XCConfigurationList section */
	};
	rootObject = 29A645072776EAA8009007C6 /* Project object */;
}
